
Microsoft Visual Studio Solution File, Format Version 12.00
# Visual Studio Version 17
VisualStudioVersion = 17.6.33815.320
MinimumVisualStudioVersion = 10.0.40219.1
Project("{9A19103F-16F7-4668-BE54-9A1E7A4F7556}") = "zms.Generic.SmsService.Domain", "zms.Generic.SmsService.Domain\zms.Generic.SmsService.Domain.csproj", "{B773B0B2-C716-48D1-B175-4A92D23AEBC9}"
EndProject
Project("{9A19103F-16F7-4668-BE54-9A1E7A4F7556}") = "zms.Generic.SmsService.Application", "zms.Generic.SmsService.Application\zms.Generic.SmsService.Application.csproj", "{C7A599E7-D459-459F-A05E-140A54202C45}"
EndProject
Project("{9A19103F-16F7-4668-BE54-9A1E7A4F7556}") = "zms.Infrastructure.External.SmsService.Beeline", "zms.Infrastructure.External.SmsService.Beeline\zms.Infrastructure.External.SmsService.Beeline.csproj", "{A618129D-E6EB-446C-AD85-0B05C247DAB9}"
EndProject
Project("{9A19103F-16F7-4668-BE54-9A1E7A4F7556}") = "zms.Root.Api.SmsService", "zms.Root.Api.SmsService\zms.Root.Api.SmsService.csproj", "{2FBBB4F0-729D-45CB-8132-5019C000127B}"
EndProject
Project("{9A19103F-16F7-4668-BE54-9A1E7A4F7556}") = "zms.Root.Module.SmsService", "zms.Root.Module.SmsService\zms.Root.Module.SmsService.csproj", "{041D1261-B49A-4EB5-8799-2B292298280A}"
EndProject
Project("{9A19103F-16F7-4668-BE54-9A1E7A4F7556}") = "zms.Root.Worker.SmsService", "zms.Root.Worker.SmsService\zms.Root.Worker.SmsService.csproj", "{67853AEA-7EDA-420E-AA0B-AF1EF0ED1CE0}"
EndProject
Project("{9A19103F-16F7-4668-BE54-9A1E7A4F7556}") = "zms.UI.ApiControllers.SmsService", "zms.UI.ApiControllers.SmsService\zms.UI.ApiControllers.SmsService.csproj", "{72C38F87-82E3-4801-A869-364B9B330FFB}"
EndProject
Project("{2150E333-8FDC-42A3-9474-1A3956D46DE8}") = "Generic", "Generic", "{98522A6D-7557-412F-8D94-E6950924A37D}"
EndProject
Project("{2150E333-8FDC-42A3-9474-1A3956D46DE8}") = "SmsService", "SmsService", "{5F05ACDD-D207-4AC8-93EB-9802F7A2737C}"
EndProject
Project("{2150E333-8FDC-42A3-9474-1A3956D46DE8}") = "Infrastructure", "Infrastructure", "{467F458E-FF99-4270-ACBC-1B113683AAF1}"
EndProject
Project("{2150E333-8FDC-42A3-9474-1A3956D46DE8}") = "External", "External", "{C5AFA975-C8B5-40BE-A7F8-23B1367B1F20}"
EndProject
Project("{2150E333-8FDC-42A3-9474-1A3956D46DE8}") = "Root", "Root", "{CCEB7AB9-97EB-4C4E-9D77-94BAD1B1D645}"
EndProject
Project("{2150E333-8FDC-42A3-9474-1A3956D46DE8}") = "Api", "Api", "{223C255C-8409-4B96-85FC-0D600A109521}"
EndProject
Project("{2150E333-8FDC-42A3-9474-1A3956D46DE8}") = "Module", "Module", "{B01F731C-EEA2-4F43-A670-FC7392B21104}"
EndProject
Project("{2150E333-8FDC-42A3-9474-1A3956D46DE8}") = "Worker", "Worker", "{1F6D99A4-C670-4840-AFE8-F64C2D854D5A}"
EndProject
Project("{2150E333-8FDC-42A3-9474-1A3956D46DE8}") = "UI", "UI", "{47419BA2-EB82-43E4-9C3A-6CFADB68F387}"
EndProject
Project("{2150E333-8FDC-42A3-9474-1A3956D46DE8}") = "ApiControllers", "ApiControllers", "{0B78B6C7-1847-4C21-AFA0-2123B3942403}"
EndProject
Project("{9A19103F-16F7-4668-BE54-9A1E7A4F7556}") = "zms.Root.Module.SmsService.Beeline", "zms.Root.Module.SmsService.Beeline\zms.Root.Module.SmsService.Beeline.csproj", "{778A992C-2E09-49F8-8677-CB6B6F1123FA}"
EndProject
Project("{9A19103F-16F7-4668-BE54-9A1E7A4F7556}") = "zms.Root.Module.SmsService.Rostelecom", "zms.Root.Module.SmsService.Rostelecom\zms.Root.Module.SmsService.Rostelecom.csproj", "{9E703D93-DD05-4E69-8536-2FDE260F67D9}"
EndProject
Project("{9A19103F-16F7-4668-BE54-9A1E7A4F7556}") = "zms.Root.Module.Articles", "zms.Root.Module.Articles\zms.Root.Module.Articles.csproj", "{8B4DEDC2-AF40-44F3-99DA-6302FDEF2FAA}"
EndProject
Project("{9A19103F-16F7-4668-BE54-9A1E7A4F7556}") = "zms.UI.ApiControllers.Articles", "zms.UI.ApiControllers.Articles\zms.UI.ApiControllers.Articles.csproj", "{72430EBF-39C0-4AC9-BCDA-AB7903BD1038}"
EndProject
Project("{9A19103F-16F7-4668-BE54-9A1E7A4F7556}") = "zms.Root.Api.FrontendApi", "zms.Root.Api.FrontendApi\zms.Root.Api.FrontendApi.csproj", "{D5BBEA05-5197-48E9-8574-40AD2ED55E2E}"
EndProject
Project("{9A19103F-16F7-4668-BE54-9A1E7A4F7556}") = "zms.Infrastructure.External.SmsService.Rostelecom", "zms.Infrastructure.External.SmsService.Rostelecom\zms.Infrastructure.External.SmsService.Rostelecom.csproj", "{ED92244B-EA3D-4357-A896-B085257B2C66}"
EndProject
Project("{2150E333-8FDC-42A3-9474-1A3956D46DE8}") = "Persistence", "Persistence", "{29068EA1-CD29-4BDE-B999-B6FE7EE69BAA}"
EndProject
Project("{2150E333-8FDC-42A3-9474-1A3956D46DE8}") = "Support", "Support", "{4881FCE3-FA9C-4C98-AF41-61A4787C004C}"
EndProject
Project("{2150E333-8FDC-42A3-9474-1A3956D46DE8}") = "Articles", "Articles", "{B9C0DED3-CDC9-4CE1-876E-E9D96733A90D}"
EndProject
Project("{2150E333-8FDC-42A3-9474-1A3956D46DE8}") = "Component", "Component", "{B76D412D-D4AD-47FF-9023-267840748064}"
EndProject
Project("{9A19103F-16F7-4668-BE54-9A1E7A4F7556}") = "zms.Support.Articles.Domain", "zms.Support.Articles.Domain\zms.Support.Articles.Domain.csproj", "{D0EE72A6-7D64-4A60-B8C0-B6DF514563F6}"
EndProject
Project("{9A19103F-16F7-4668-BE54-9A1E7A4F7556}") = "zms.Support.Articles.Application", "zms.Support.Articles.Application\zms.Support.Articles.Application.csproj", "{9DDA5E94-0ED8-4122-9647-B451655888B0}"
EndProject
Project("{9A19103F-16F7-4668-BE54-9A1E7A4F7556}") = "zms.Persistence.SqlServer.EF.Articles", "zms.Persistence.SqlServer.EF.Articles\zms.Persistence.SqlServer.EF.Articles.csproj", "{6460AD06-502D-4342-9BCF-1432324EB2BF}"
EndProject
Project("{2150E333-8FDC-42A3-9474-1A3956D46DE8}") = "SqlServer", "SqlServer", "{93ED4B4C-273E-467E-B7A4-F4A8EF499716}"
EndProject
Project("{2150E333-8FDC-42A3-9474-1A3956D46DE8}") = "FileStorage", "FileStorage", "{E71E7747-1039-41B3-910C-BC17C6CC124A}"
EndProject
Project("{9A19103F-16F7-4668-BE54-9A1E7A4F7556}") = "zms.Persistence.FileStorage.Articles", "zms.Persistence.FileStorage.Articles\zms.Persistence.FileStorage.Articles.csproj", "{0D1BC26B-34CB-4804-A39E-F666439E03E6}"
EndProject
Project("{9A19103F-16F7-4668-BE54-9A1E7A4F7556}") = "zms.Persistence.FileStorage.SmsService", "zms.Persistence.FileStorage.SmsService\zms.Persistence.FileStorage.SmsService.csproj", "{4A131708-9118-4D6A-A18E-E653CC466814}"
EndProject
Project("{9A19103F-16F7-4668-BE54-9A1E7A4F7556}") = "zms.Persistence.SqlServer.EF.SmsService", "zms.Persistence.SqlServer.EF.SmsService\zms.Persistence.SqlServer.EF.SmsService.csproj", "{083A86B0-48E3-46E6-A4AA-ED207D948E12}"
EndProject
Global
	GlobalSection(SolutionConfigurationPlatforms) = preSolution
		Debug|Any CPU = Debug|Any CPU
		Release|Any CPU = Release|Any CPU
	EndGlobalSection
	GlobalSection(ProjectConfigurationPlatforms) = postSolution
		{B773B0B2-C716-48D1-B175-4A92D23AEBC9}.Debug|Any CPU.ActiveCfg = Debug|Any CPU
		{B773B0B2-C716-48D1-B175-4A92D23AEBC9}.Debug|Any CPU.Build.0 = Debug|Any CPU
		{B773B0B2-C716-48D1-B175-4A92D23AEBC9}.Release|Any CPU.ActiveCfg = Release|Any CPU
		{B773B0B2-C716-48D1-B175-4A92D23AEBC9}.Release|Any CPU.Build.0 = Release|Any CPU
		{C7A599E7-D459-459F-A05E-140A54202C45}.Debug|Any CPU.ActiveCfg = Debug|Any CPU
		{C7A599E7-D459-459F-A05E-140A54202C45}.Debug|Any CPU.Build.0 = Debug|Any CPU
		{C7A599E7-D459-459F-A05E-140A54202C45}.Release|Any CPU.ActiveCfg = Release|Any CPU
		{C7A599E7-D459-459F-A05E-140A54202C45}.Release|Any CPU.Build.0 = Release|Any CPU
		{A618129D-E6EB-446C-AD85-0B05C247DAB9}.Debug|Any CPU.ActiveCfg = Debug|Any CPU
		{A618129D-E6EB-446C-AD85-0B05C247DAB9}.Debug|Any CPU.Build.0 = Debug|Any CPU
		{A618129D-E6EB-446C-AD85-0B05C247DAB9}.Release|Any CPU.ActiveCfg = Release|Any CPU
		{A618129D-E6EB-446C-AD85-0B05C247DAB9}.Release|Any CPU.Build.0 = Release|Any CPU
		{2FBBB4F0-729D-45CB-8132-5019C000127B}.Debug|Any CPU.ActiveCfg = Debug|Any CPU
		{2FBBB4F0-729D-45CB-8132-5019C000127B}.Debug|Any CPU.Build.0 = Debug|Any CPU
		{2FBBB4F0-729D-45CB-8132-5019C000127B}.Release|Any CPU.ActiveCfg = Release|Any CPU
		{2FBBB4F0-729D-45CB-8132-5019C000127B}.Release|Any CPU.Build.0 = Release|Any CPU
		{041D1261-B49A-4EB5-8799-2B292298280A}.Debug|Any CPU.ActiveCfg = Debug|Any CPU
		{041D1261-B49A-4EB5-8799-2B292298280A}.Debug|Any CPU.Build.0 = Debug|Any CPU
		{041D1261-B49A-4EB5-8799-2B292298280A}.Release|Any CPU.ActiveCfg = Release|Any CPU
		{041D1261-B49A-4EB5-8799-2B292298280A}.Release|Any CPU.Build.0 = Release|Any CPU
		{67853AEA-7EDA-420E-AA0B-AF1EF0ED1CE0}.Debug|Any CPU.ActiveCfg = Debug|Any CPU
		{67853AEA-7EDA-420E-AA0B-AF1EF0ED1CE0}.Debug|Any CPU.Build.0 = Debug|Any CPU
		{67853AEA-7EDA-420E-AA0B-AF1EF0ED1CE0}.Release|Any CPU.ActiveCfg = Release|Any CPU
		{67853AEA-7EDA-420E-AA0B-AF1EF0ED1CE0}.Release|Any CPU.Build.0 = Release|Any CPU
		{72C38F87-82E3-4801-A869-364B9B330FFB}.Debug|Any CPU.ActiveCfg = Debug|Any CPU
		{72C38F87-82E3-4801-A869-364B9B330FFB}.Debug|Any CPU.Build.0 = Debug|Any CPU
		{72C38F87-82E3-4801-A869-364B9B330FFB}.Release|Any CPU.ActiveCfg = Release|Any CPU
		{72C38F87-82E3-4801-A869-364B9B330FFB}.Release|Any CPU.Build.0 = Release|Any CPU
		{778A992C-2E09-49F8-8677-CB6B6F1123FA}.Debug|Any CPU.ActiveCfg = Debug|Any CPU
		{778A992C-2E09-49F8-8677-CB6B6F1123FA}.Debug|Any CPU.Build.0 = Debug|Any CPU
		{778A992C-2E09-49F8-8677-CB6B6F1123FA}.Release|Any CPU.ActiveCfg = Release|Any CPU
		{778A992C-2E09-49F8-8677-CB6B6F1123FA}.Release|Any CPU.Build.0 = Release|Any CPU
		{9E703D93-DD05-4E69-8536-2FDE260F67D9}.Debug|Any CPU.ActiveCfg = Debug|Any CPU
		{9E703D93-DD05-4E69-8536-2FDE260F67D9}.Debug|Any CPU.Build.0 = Debug|Any CPU
		{9E703D93-DD05-4E69-8536-2FDE260F67D9}.Release|Any CPU.ActiveCfg = Release|Any CPU
		{9E703D93-DD05-4E69-8536-2FDE260F67D9}.Release|Any CPU.Build.0 = Release|Any CPU
		{8B4DEDC2-AF40-44F3-99DA-6302FDEF2FAA}.Debug|Any CPU.ActiveCfg = Debug|Any CPU
		{8B4DEDC2-AF40-44F3-99DA-6302FDEF2FAA}.Debug|Any CPU.Build.0 = Debug|Any CPU
		{8B4DEDC2-AF40-44F3-99DA-6302FDEF2FAA}.Release|Any CPU.ActiveCfg = Release|Any CPU
		{8B4DEDC2-AF40-44F3-99DA-6302FDEF2FAA}.Release|Any CPU.Build.0 = Release|Any CPU
		{72430EBF-39C0-4AC9-BCDA-AB7903BD1038}.Debug|Any CPU.ActiveCfg = Debug|Any CPU
		{72430EBF-39C0-4AC9-BCDA-AB7903BD1038}.Debug|Any CPU.Build.0 = Debug|Any CPU
		{72430EBF-39C0-4AC9-BCDA-AB7903BD1038}.Release|Any CPU.ActiveCfg = Release|Any CPU
		{72430EBF-39C0-4AC9-BCDA-AB7903BD1038}.Release|Any CPU.Build.0 = Release|Any CPU
		{D5BBEA05-5197-48E9-8574-40AD2ED55E2E}.Debug|Any CPU.ActiveCfg = Debug|Any CPU
		{D5BBEA05-5197-48E9-8574-40AD2ED55E2E}.Debug|Any CPU.Build.0 = Debug|Any CPU
		{D5BBEA05-5197-48E9-8574-40AD2ED55E2E}.Release|Any CPU.ActiveCfg = Release|Any CPU
		{D5BBEA05-5197-48E9-8574-40AD2ED55E2E}.Release|Any CPU.Build.0 = Release|Any CPU
		{ED92244B-EA3D-4357-A896-B085257B2C66}.Debug|Any CPU.ActiveCfg = Debug|Any CPU
		{ED92244B-EA3D-4357-A896-B085257B2C66}.Debug|Any CPU.Build.0 = Debug|Any CPU
		{ED92244B-EA3D-4357-A896-B085257B2C66}.Release|Any CPU.ActiveCfg = Release|Any CPU
		{ED92244B-EA3D-4357-A896-B085257B2C66}.Release|Any CPU.Build.0 = Release|Any CPU
		{D0EE72A6-7D64-4A60-B8C0-B6DF514563F6}.Debug|Any CPU.ActiveCfg = Debug|Any CPU
		{D0EE72A6-7D64-4A60-B8C0-B6DF514563F6}.Debug|Any CPU.Build.0 = Debug|Any CPU
		{D0EE72A6-7D64-4A60-B8C0-B6DF514563F6}.Release|Any CPU.ActiveCfg = Release|Any CPU
		{D0EE72A6-7D64-4A60-B8C0-B6DF514563F6}.Release|Any CPU.Build.0 = Release|Any CPU
		{9DDA5E94-0ED8-4122-9647-B451655888B0}.Debug|Any CPU.ActiveCfg = Debug|Any CPU
		{9DDA5E94-0ED8-4122-9647-B451655888B0}.Debug|Any CPU.Build.0 = Debug|Any CPU
		{9DDA5E94-0ED8-4122-9647-B451655888B0}.Release|Any CPU.ActiveCfg = Release|Any CPU
		{9DDA5E94-0ED8-4122-9647-B451655888B0}.Release|Any CPU.Build.0 = Release|Any CPU
		{6460AD06-502D-4342-9BCF-1432324EB2BF}.Debug|Any CPU.ActiveCfg = Debug|Any CPU
		{6460AD06-502D-4342-9BCF-1432324EB2BF}.Debug|Any CPU.Build.0 = Debug|Any CPU
		{6460AD06-502D-4342-9BCF-1432324EB2BF}.Release|Any CPU.ActiveCfg = Release|Any CPU
		{6460AD06-502D-4342-9BCF-1432324EB2BF}.Release|Any CPU.Build.0 = Release|Any CPU
		{0D1BC26B-34CB-4804-A39E-F666439E03E6}.Debug|Any CPU.ActiveCfg = Debug|Any CPU
		{0D1BC26B-34CB-4804-A39E-F666439E03E6}.Debug|Any CPU.Build.0 = Debug|Any CPU
		{0D1BC26B-34CB-4804-A39E-F666439E03E6}.Release|Any CPU.ActiveCfg = Release|Any CPU
		{0D1BC26B-34CB-4804-A39E-F666439E03E6}.Release|Any CPU.Build.0 = Release|Any CPU
		{4A131708-9118-4D6A-A18E-E653CC466814}.Debug|Any CPU.ActiveCfg = Debug|Any CPU
		{4A131708-9118-4D6A-A18E-E653CC466814}.Debug|Any CPU.Build.0 = Debug|Any CPU
		{4A131708-9118-4D6A-A18E-E653CC466814}.Release|Any CPU.ActiveCfg = Release|Any CPU
		{4A131708-9118-4D6A-A18E-E653CC466814}.Release|Any CPU.Build.0 = Release|Any CPU
		{083A86B0-48E3-46E6-A4AA-ED207D948E12}.Debug|Any CPU.ActiveCfg = Debug|Any CPU
		{083A86B0-48E3-46E6-A4AA-ED207D948E12}.Debug|Any CPU.Build.0 = Debug|Any CPU
		{083A86B0-48E3-46E6-A4AA-ED207D948E12}.Release|Any CPU.ActiveCfg = Release|Any CPU
		{083A86B0-48E3-46E6-A4AA-ED207D948E12}.Release|Any CPU.Build.0 = Release|Any CPU
	EndGlobalSection
	GlobalSection(SolutionProperties) = preSolution
		HideSolutionNode = FALSE
	EndGlobalSection
	GlobalSection(NestedProjects) = preSolution
		{B773B0B2-C716-48D1-B175-4A92D23AEBC9} = {5F05ACDD-D207-4AC8-93EB-9802F7A2737C}
		{C7A599E7-D459-459F-A05E-140A54202C45} = {5F05ACDD-D207-4AC8-93EB-9802F7A2737C}
		{A618129D-E6EB-446C-AD85-0B05C247DAB9} = {C5AFA975-C8B5-40BE-A7F8-23B1367B1F20}
		{2FBBB4F0-729D-45CB-8132-5019C000127B} = {223C255C-8409-4B96-85FC-0D600A109521}
		{041D1261-B49A-4EB5-8799-2B292298280A} = {B01F731C-EEA2-4F43-A670-FC7392B21104}
		{67853AEA-7EDA-420E-AA0B-AF1EF0ED1CE0} = {1F6D99A4-C670-4840-AFE8-F64C2D854D5A}
		{72C38F87-82E3-4801-A869-364B9B330FFB} = {0B78B6C7-1847-4C21-AFA0-2123B3942403}
		{98522A6D-7557-412F-8D94-E6950924A37D} = {B76D412D-D4AD-47FF-9023-267840748064}
		{5F05ACDD-D207-4AC8-93EB-9802F7A2737C} = {98522A6D-7557-412F-8D94-E6950924A37D}
		{C5AFA975-C8B5-40BE-A7F8-23B1367B1F20} = {467F458E-FF99-4270-ACBC-1B113683AAF1}
		{223C255C-8409-4B96-85FC-0D600A109521} = {CCEB7AB9-97EB-4C4E-9D77-94BAD1B1D645}
		{B01F731C-EEA2-4F43-A670-FC7392B21104} = {CCEB7AB9-97EB-4C4E-9D77-94BAD1B1D645}
		{1F6D99A4-C670-4840-AFE8-F64C2D854D5A} = {CCEB7AB9-97EB-4C4E-9D77-94BAD1B1D645}
		{0B78B6C7-1847-4C21-AFA0-2123B3942403} = {47419BA2-EB82-43E4-9C3A-6CFADB68F387}
		{778A992C-2E09-49F8-8677-CB6B6F1123FA} = {B01F731C-EEA2-4F43-A670-FC7392B21104}
		{9E703D93-DD05-4E69-8536-2FDE260F67D9} = {B01F731C-EEA2-4F43-A670-FC7392B21104}
		{8B4DEDC2-AF40-44F3-99DA-6302FDEF2FAA} = {B01F731C-EEA2-4F43-A670-FC7392B21104}
		{72430EBF-39C0-4AC9-BCDA-AB7903BD1038} = {0B78B6C7-1847-4C21-AFA0-2123B3942403}
		{D5BBEA05-5197-48E9-8574-40AD2ED55E2E} = {223C255C-8409-4B96-85FC-0D600A109521}
		{ED92244B-EA3D-4357-A896-B085257B2C66} = {C5AFA975-C8B5-40BE-A7F8-23B1367B1F20}
		{4881FCE3-FA9C-4C98-AF41-61A4787C004C} = {B76D412D-D4AD-47FF-9023-267840748064}
		{B9C0DED3-CDC9-4CE1-876E-E9D96733A90D} = {4881FCE3-FA9C-4C98-AF41-61A4787C004C}
		{D0EE72A6-7D64-4A60-B8C0-B6DF514563F6} = {B9C0DED3-CDC9-4CE1-876E-E9D96733A90D}
		{9DDA5E94-0ED8-4122-9647-B451655888B0} = {B9C0DED3-CDC9-4CE1-876E-E9D96733A90D}
		{6460AD06-502D-4342-9BCF-1432324EB2BF} = {93ED4B4C-273E-467E-B7A4-F4A8EF499716}
		{93ED4B4C-273E-467E-B7A4-F4A8EF499716} = {29068EA1-CD29-4BDE-B999-B6FE7EE69BAA}
		{E71E7747-1039-41B3-910C-BC17C6CC124A} = {29068EA1-CD29-4BDE-B999-B6FE7EE69BAA}
		{0D1BC26B-34CB-4804-A39E-F666439E03E6} = {E71E7747-1039-41B3-910C-BC17C6CC124A}
		{4A131708-9118-4D6A-A18E-E653CC466814} = {E71E7747-1039-41B3-910C-BC17C6CC124A}
		{083A86B0-48E3-46E6-A4AA-ED207D948E12} = {93ED4B4C-273E-467E-B7A4-F4A8EF499716}
	EndGlobalSection
	GlobalSection(ExtensibilityGlobals) = postSolution
		SolutionGuid = {C496B14A-8D13-45B0-92C4-B91A6E5B095A}
	EndGlobalSection
EndGlobal
